
Microsoft Visual Studio Solution File, Format Version 12.00
# Visual Studio Version 17
VisualStudioVersion = 17.5.002.0
MinimumVisualStudioVersion = 10.0.40219.1
Project("{9A19103F-16F7-4668-BE54-9A1E7A4F7556}") = "Arr1", "Arr1.csproj", "{028BA5C3-A96F-4FF7-B8F9-DBD27FB1AD7F}"
EndProject
Global
	GlobalSection(SolutionConfigurationPlatforms) = preSolution
		Debug|Any CPU = Debug|Any CPU
		Release|Any CPU = Release|Any CPU
	EndGlobalSection
	GlobalSection(ProjectConfigurationPlatforms) = postSolution
		{028BA5C3-A96F-4FF7-B8F9-DBD27FB1AD7F}.Debug|Any CPU.ActiveCfg = Debug|Any CPU
		{028BA5C3-A96F-4FF7-B8F9-DBD27FB1AD7F}.Debug|Any CPU.Build.0 = Debug|Any CPU
		{028BA5C3-A96F-4FF7-B8F9-DBD27FB1AD7F}.Release|Any CPU.ActiveCfg = Release|Any CPU
		{028BA5C3-A96F-4FF7-B8F9-DBD27FB1AD7F}.Release|Any CPU.Build.0 = Release|Any CPU
	EndGlobalSection
	GlobalSection(SolutionProperties) = preSolution
		HideSolutionNode = FALSE
	EndGlobalSection
	GlobalSection(ExtensibilityGlobals) = postSolution
		SolutionGuid = {C0D9A7B9-6E69-4138-B781-9FF73032C929}
	EndGlobalSection
EndGlobal
